// !$*UTF8*$!
{
	archiveVersion = 1;
	classes = {
	};
	objectVersion = 77;
	objects = {

/* Begin PBXBuildFile section */
		6F0084122CEC7761007B86FA /* mac_main.mm in Sources */ = {isa = PBXBuildFile; fileRef = 6F0084112CEC7748007B86FA /* mac_main.mm */; };
		6F0084362CEC7B43007B86FA /* app.cpp in Sources */ = {isa = PBXBuildFile; fileRef = 6F0084332CEC7B43007B86FA /* app.cpp */; };
		6F0084402CEC7C62007B86FA /* skl_macos.mm in Sources */ = {isa = PBXBuildFile; fileRef = 6F00843F2CEC7C5F007B86FA /* skl_macos.mm */; };
		6F0084432CEC7C82007B86FA /* Metal.framework in Frameworks */ = {isa = PBXBuildFile; fileRef = 6F0084422CEC7C82007B86FA /* Metal.framework */; };
		6F0084452CEC7C88007B86FA /* MetalKit.framework in Frameworks */ = {isa = PBXBuildFile; fileRef = 6F0084442CEC7C88007B86FA /* MetalKit.framework */; };
		6F0084472CEDB072007B86FA /* AppKit.framework in Frameworks */ = {isa = PBXBuildFile; fileRef = 6F0084462CEDB072007B86FA /* AppKit.framework */; };
		6F00844A2CEDC932007B86FA /* shader.metal in Sources */ = {isa = PBXBuildFile; fileRef = 6F0084492CEDC932007B86FA /* shader.metal */; };
/* End PBXBuildFile section */

/* Begin PBXCopyFilesBuildPhase section */
		6F0084022CEC75F7007B86FA /* CopyFiles */ = {
			isa = PBXCopyFilesBuildPhase;
			buildActionMask = 2147483647;
			dstPath = /usr/share/man/man1/;
			dstSubfolderSpec = 0;
			files = (
			);
			runOnlyForDeploymentPostprocessing = 1;
		};
/* End PBXCopyFilesBuildPhase section */

/* Begin PBXFileReference section */
		6F0084042CEC75F7007B86FA /* SadakKaLadaakoo-Mac */ = {isa = PBXFileReference; explicitFileType = "compiled.mach-o.executable"; includeInIndex = 0; path = "SadakKaLadaakoo-Mac"; sourceTree = BUILT_PRODUCTS_DIR; };
		6F0084112CEC7748007B86FA /* mac_main.mm */ = {isa = PBXFileReference; lastKnownFileType = sourcecode.cpp.objcpp; path = mac_main.mm; sourceTree = "<group>"; };
		6F0084322CEC7B43007B86FA /* app.h */ = {isa = PBXFileReference; lastKnownFileType = sourcecode.c.h; path = app.h; sourceTree = "<group>"; };
		6F0084332CEC7B43007B86FA /* app.cpp */ = {isa = PBXFileReference; explicitFileType = sourcecode.cpp.objcpp; path = app.cpp; sourceTree = "<group>"; };
		6F00843D2CEC7B80007B86FA /* defines.h */ = {isa = PBXFileReference; lastKnownFileType = sourcecode.c.h; path = defines.h; sourceTree = "<group>"; };
		6F00843E2CEC7BE4007B86FA /* skl_macos.h */ = {isa = PBXFileReference; lastKnownFileType = sourcecode.c.h; path = skl_macos.h; sourceTree = "<group>"; };
		6F00843F2CEC7C5F007B86FA /* skl_macos.mm */ = {isa = PBXFileReference; lastKnownFileType = sourcecode.cpp.objcpp; path = skl_macos.mm; sourceTree = "<group>"; };
		6F0084422CEC7C82007B86FA /* Metal.framework */ = {isa = PBXFileReference; lastKnownFileType = wrapper.framework; name = Metal.framework; path = System/Library/Frameworks/Metal.framework; sourceTree = SDKROOT; };
		6F0084442CEC7C88007B86FA /* MetalKit.framework */ = {isa = PBXFileReference; lastKnownFileType = wrapper.framework; name = MetalKit.framework; path = System/Library/Frameworks/MetalKit.framework; sourceTree = SDKROOT; };
		6F0084462CEDB072007B86FA /* AppKit.framework */ = {isa = PBXFileReference; lastKnownFileType = wrapper.framework; name = AppKit.framework; path = System/Library/Frameworks/AppKit.framework; sourceTree = SDKROOT; };
		6F0084492CEDC932007B86FA /* shader.metal */ = {isa = PBXFileReference; lastKnownFileType = sourcecode.metal; path = shader.metal; sourceTree = "<group>"; };
		6F00844B2CEF34F5007B86FA /* geometry.h */ = {isa = PBXFileReference; lastKnownFileType = sourcecode.c.h; path = geometry.h; sourceTree = "<group>"; };
		6F00844F2CF17597007B86FA /* entities.h */ = {isa = PBXFileReference; lastKnownFileType = sourcecode.c.h; path = entities.h; sourceTree = "<group>"; };
		6F0084502CF18134007B86FA /* shader.h */ = {isa = PBXFileReference; lastKnownFileType = sourcecode.c.h; path = shader.h; sourceTree = "<group>"; };
/* End PBXFileReference section */

/* Begin PBXFrameworksBuildPhase section */
		6F0084012CEC75F7007B86FA /* Frameworks */ = {
			isa = PBXFrameworksBuildPhase;
			buildActionMask = 2147483647;
			files = (
				6F0084472CEDB072007B86FA /* AppKit.framework in Frameworks */,
				6F0084432CEC7C82007B86FA /* Metal.framework in Frameworks */,
				6F0084452CEC7C88007B86FA /* MetalKit.framework in Frameworks */,
			);
			runOnlyForDeploymentPostprocessing = 0;
		};
/* End PBXFrameworksBuildPhase section */

/* Begin PBXGroup section */
		6F0083FB2CEC75F7007B86FA = {
			isa = PBXGroup;
			children = (
				6F00844B2CEF34F5007B86FA /* geometry.h */,
				6F00844F2CF17597007B86FA /* entities.h */,
				6F0084112CEC7748007B86FA /* mac_main.mm */,
				6F00843D2CEC7B80007B86FA /* defines.h */,
				6F00843C2CEC7B6C007B86FA /* shaders */,
				6F0084342CEC7B43007B86FA /* platform */,
				6F0084412CEC7C82007B86FA /* Frameworks */,
				6F0084052CEC75F7007B86FA /* Products */,
			);
			sourceTree = "<group>";
		};
		6F0084052CEC75F7007B86FA /* Products */ = {
			isa = PBXGroup;
			children = (
				6F0084042CEC75F7007B86FA /* SadakKaLadaakoo-Mac */,
			);
			name = Products;
			sourceTree = "<group>";
		};
		6F00842C2CEC7B43007B86FA /* macos */ = {
			isa = PBXGroup;
			children = (
				6F00843F2CEC7C5F007B86FA /* skl_macos.mm */,
				6F00843E2CEC7BE4007B86FA /* skl_macos.h */,
			);
			path = macos;
			sourceTree = "<group>";
		};
		6F0084342CEC7B43007B86FA /* platform */ = {
			isa = PBXGroup;
			children = (
				6F00842C2CEC7B43007B86FA /* macos */,
				6F0084322CEC7B43007B86FA /* app.h */,
				6F0084332CEC7B43007B86FA /* app.cpp */,
			);
			path = platform;
			sourceTree = "<group>";
		};
		6F0084392CEC7B6C007B86FA /* macos */ = {
			isa = PBXGroup;
			children = (
				6F0084502CF18134007B86FA /* shader.h */,
				6F0084492CEDC932007B86FA /* shader.metal */,
			);
			path = macos;
			sourceTree = "<group>";
		};
		6F00843C2CEC7B6C007B86FA /* shaders */ = {
			isa = PBXGroup;
			children = (
				6F0084392CEC7B6C007B86FA /* macos */,
			);
			path = shaders;
			sourceTree = "<group>";
		};
		6F0084412CEC7C82007B86FA /* Frameworks */ = {
			isa = PBXGroup;
			children = (
				6F0084462CEDB072007B86FA /* AppKit.framework */,
				6F0084442CEC7C88007B86FA /* MetalKit.framework */,
				6F0084422CEC7C82007B86FA /* Metal.framework */,
			);
			name = Frameworks;
			sourceTree = "<group>";
		};
/* End PBXGroup section */

/* Begin PBXNativeTarget section */
		6F0084032CEC75F7007B86FA /* SadakKaLadaakoo-Mac */ = {
			isa = PBXNativeTarget;
			buildConfigurationList = 6F00840B2CEC75F7007B86FA /* Build configuration list for PBXNativeTarget "SadakKaLadaakoo-Mac" */;
			buildPhases = (
				6F0084002CEC75F7007B86FA /* Sources */,
				6F0084012CEC75F7007B86FA /* Frameworks */,
				6F0084022CEC75F7007B86FA /* CopyFiles */,
			);
			buildRules = (
			);
			dependencies = (
			);
			name = "SadakKaLadaakoo-Mac";
			packageProductDependencies = (
			);
			productName = "SadakKaLadaakoo-Mac";
			productReference = 6F0084042CEC75F7007B86FA /* SadakKaLadaakoo-Mac */;
			productType = "com.apple.product-type.tool";
		};
/* End PBXNativeTarget section */

/* Begin PBXProject section */
		6F0083FC2CEC75F7007B86FA /* Project object */ = {
			isa = PBXProject;
			attributes = {
				BuildIndependentTargetsInParallel = 1;
				LastUpgradeCheck = 1610;
				TargetAttributes = {
					6F0084032CEC75F7007B86FA = {
						CreatedOnToolsVersion = 16.1;
					};
				};
			};
			buildConfigurationList = 6F0083FF2CEC75F7007B86FA /* Build configuration list for PBXProject "SadakKaLadaakoo-Mac" */;
			developmentRegion = en;
			hasScannedForEncodings = 0;
			knownRegions = (
				en,
				Base,
			);
			mainGroup = 6F0083FB2CEC75F7007B86FA;
			minimizedProjectReferenceProxies = 1;
			preferredProjectObjectVersion = 77;
			productRefGroup = 6F0084052CEC75F7007B86FA /* Products */;
			projectDirPath = "";
			projectRoot = "";
			targets = (
				6F0084032CEC75F7007B86FA /* SadakKaLadaakoo-Mac */,
			);
		};
/* End PBXProject section */

/* Begin PBXSourcesBuildPhase section */
		6F0084002CEC75F7007B86FA /* Sources */ = {
			isa = PBXSourcesBuildPhase;
			buildActionMask = 2147483647;
			files = (
				6F00844A2CEDC932007B86FA /* shader.metal in Sources */,
				6F0084362CEC7B43007B86FA /* app.cpp in Sources */,
				6F0084122CEC7761007B86FA /* mac_main.mm in Sources */,
				6F0084402CEC7C62007B86FA /* skl_macos.mm in Sources */,
			);
			runOnlyForDeploymentPostprocessing = 0;
		};
/* End PBXSourcesBuildPhase section */

/* Begin XCBuildConfiguration section */
		6F0084092CEC75F7007B86FA /* Debug */ = {
			isa = XCBuildConfiguration;
			buildSettings = {
				ALWAYS_SEARCH_USER_PATHS = NO;
				ASSETCATALOG_COMPILER_GENERATE_SWIFT_ASSET_SYMBOL_EXTENSIONS = YES;
				CLANG_ANALYZER_NONNULL = YES;
				CLANG_ANALYZER_NUMBER_OBJECT_CONVERSION = YES_AGGRESSIVE;
				CLANG_CXX_LANGUAGE_STANDARD = "gnu++20";
				CLANG_ENABLE_MODULES = YES;
				CLANG_ENABLE_OBJC_ARC = YES;
				CLANG_ENABLE_OBJC_WEAK = YES;
				CLANG_WARN_BLOCK_CAPTURE_AUTORELEASING = YES;
				CLANG_WARN_BOOL_CONVERSION = YES;
				CLANG_WARN_COMMA = YES;
				CLANG_WARN_CONSTANT_CONVERSION = YES;
				CLANG_WARN_DEPRECATED_OBJC_IMPLEMENTATIONS = YES;
				CLANG_WARN_DIRECT_OBJC_ISA_USAGE = YES_ERROR;
				CLANG_WARN_DOCUMENTATION_COMMENTS = YES;
				CLANG_WARN_EMPTY_BODY = YES;
				CLANG_WARN_ENUM_CONVERSION = YES;
				CLANG_WARN_INFINITE_RECURSION = YES;
				CLANG_WARN_INT_CONVERSION = YES;
				CLANG_WARN_NON_LITERAL_NULL_CONVERSION = YES;
				CLANG_WARN_OBJC_IMPLICIT_RETAIN_SELF = YES;
				CLANG_WARN_OBJC_LITERAL_CONVERSION = YES;
				CLANG_WARN_OBJC_ROOT_CLASS = YES_ERROR;
				CLANG_WARN_QUOTED_INCLUDE_IN_FRAMEWORK_HEADER = YES;
				CLANG_WARN_RANGE_LOOP_ANALYSIS = YES;
				CLANG_WARN_STRICT_PROTOTYPES = YES;
				CLANG_WARN_SUSPICIOUS_MOVE = YES;
				CLANG_WARN_UNGUARDED_AVAILABILITY = YES_AGGRESSIVE;
				CLANG_WARN_UNREACHABLE_CODE = YES;
				CLANG_WARN__DUPLICATE_METHOD_MATCH = YES;
				COPY_PHASE_STRIP = NO;
				DEBUG_INFORMATION_FORMAT = dwarf;
				ENABLE_STRICT_OBJC_MSGSEND = YES;
				ENABLE_TESTABILITY = YES;
				ENABLE_USER_SCRIPT_SANDBOXING = YES;
				GCC_C_LANGUAGE_STANDARD = gnu17;
				GCC_DYNAMIC_NO_PIC = NO;
				GCC_NO_COMMON_BLOCKS = YES;
				GCC_OPTIMIZATION_LEVEL = 0;
				GCC_PREPROCESSOR_DEFINITIONS = (
					"DEBUG=1",
					"$(inherited)",
				);
				GCC_WARN_64_TO_32_BIT_CONVERSION = YES;
				GCC_WARN_ABOUT_RETURN_TYPE = YES_ERROR;
				GCC_WARN_UNDECLARED_SELECTOR = YES;
				GCC_WARN_UNINITIALIZED_AUTOS = YES_AGGRESSIVE;
				GCC_WARN_UNUSED_FUNCTION = YES;
				GCC_WARN_UNUSED_VARIABLE = YES;
				LOCALIZATION_PREFERS_STRING_CATALOGS = YES;
				MACOSX_DEPLOYMENT_TARGET = 14.6;
				MTL_ENABLE_DEBUG_INFO = INCLUDE_SOURCE;
				MTL_FAST_MATH = YES;
				ONLY_ACTIVE_ARCH = YES;
				SDKROOT = macosx;
			};
			name = Debug;
		};
		6F00840A2CEC75F7007B86FA /* Release */ = {
			isa = XCBuildConfiguration;
			buildSettings = {
				ALWAYS_SEARCH_USER_PATHS = NO;
				ASSETCATALOG_COMPILER_GENERATE_SWIFT_ASSET_SYMBOL_EXTENSIONS = YES;
				CLANG_ANALYZER_NONNULL = YES;
				CLANG_ANALYZER_NUMBER_OBJECT_CONVERSION = YES_AGGRESSIVE;
				CLANG_CXX_LANGUAGE_STANDARD = "gnu++20";
				CLANG_ENABLE_MODULES = YES;
				CLANG_ENABLE_OBJC_ARC = YES;
				CLANG_ENABLE_OBJC_WEAK = YES;
				CLANG_WARN_BLOCK_CAPTURE_AUTORELEASING = YES;
				CLANG_WARN_BOOL_CONVERSION = YES;
				CLANG_WARN_COMMA = YES;
				CLANG_WARN_CONSTANT_CONVERSION = YES;
				CLANG_WARN_DEPRECATED_OBJC_IMPLEMENTATIONS = YES;
				CLANG_WARN_DIRECT_OBJC_ISA_USAGE = YES_ERROR;
				CLANG_WARN_DOCUMENTATION_COMMENTS = YES;
				CLANG_WARN_EMPTY_BODY = YES;
				CLANG_WARN_ENUM_CONVERSION = YES;
				CLANG_WARN_INFINITE_RECURSION = YES;
				CLANG_WARN_INT_CONVERSION = YES;
				CLANG_WARN_NON_LITERAL_NULL_CONVERSION = YES;
				CLANG_WARN_OBJC_IMPLICIT_RETAIN_SELF = YES;
				CLANG_WARN_OBJC_LITERAL_CONVERSION = YES;
				CLANG_WARN_OBJC_ROOT_CLASS = YES_ERROR;
				CLANG_WARN_QUOTED_INCLUDE_IN_FRAMEWORK_HEADER = YES;
				CLANG_WARN_RANGE_LOOP_ANALYSIS = YES;
				CLANG_WARN_STRICT_PROTOTYPES = YES;
				CLANG_WARN_SUSPICIOUS_MOVE = YES;
				CLANG_WARN_UNGUARDED_AVAILABILITY = YES_AGGRESSIVE;
				CLANG_WARN_UNREACHABLE_CODE = YES;
				CLANG_WARN__DUPLICATE_METHOD_MATCH = YES;
				COPY_PHASE_STRIP = NO;
				DEBUG_INFORMATION_FORMAT = "dwarf-with-dsym";
				ENABLE_NS_ASSERTIONS = NO;
				ENABLE_STRICT_OBJC_MSGSEND = YES;
				ENABLE_USER_SCRIPT_SANDBOXING = YES;
				GCC_C_LANGUAGE_STANDARD = gnu17;
				GCC_NO_COMMON_BLOCKS = YES;
				GCC_WARN_64_TO_32_BIT_CONVERSION = YES;
				GCC_WARN_ABOUT_RETURN_TYPE = YES_ERROR;
				GCC_WARN_UNDECLARED_SELECTOR = YES;
				GCC_WARN_UNINITIALIZED_AUTOS = YES_AGGRESSIVE;
				GCC_WARN_UNUSED_FUNCTION = YES;
				GCC_WARN_UNUSED_VARIABLE = YES;
				LOCALIZATION_PREFERS_STRING_CATALOGS = YES;
				MACOSX_DEPLOYMENT_TARGET = 14.6;
				MTL_ENABLE_DEBUG_INFO = NO;
				MTL_FAST_MATH = YES;
				SDKROOT = macosx;
			};
			name = Release;
		};
		6F00840C2CEC75F7007B86FA /* Debug */ = {
			isa = XCBuildConfiguration;
			buildSettings = {
				CODE_SIGN_STYLE = Automatic;
				"GCC_PREPROCESSOR_DEFINITIONS[arch=*]" = SKL_MAC;
				"HEADER_SEARCH_PATHS[arch=*]" = .;
				PRODUCT_NAME = "$(TARGET_NAME)";
			};
			name = Debug;
		};
		6F00840D2CEC75F7007B86FA /* Release */ = {
			isa = XCBuildConfiguration;
			buildSettings = {
				CODE_SIGN_STYLE = Automatic;
				"GCC_PREPROCESSOR_DEFINITIONS[arch=*]" = SKL_MAC;
				"HEADER_SEARCH_PATHS[arch=*]" = .;
				PRODUCT_NAME = "$(TARGET_NAME)";
			};
			name = Release;
		};
/* End XCBuildConfiguration section */

/* Begin XCConfigurationList section */
		6F0083FF2CEC75F7007B86FA /* Build configuration list for PBXProject "SadakKaLadaakoo-Mac" */ = {
			isa = XCConfigurationList;
			buildConfigurations = (
				6F0084092CEC75F7007B86FA /* Debug */,
				6F00840A2CEC75F7007B86FA /* Release */,
			);
			defaultConfigurationIsVisible = 0;
			defaultConfigurationName = Release;
		};
		6F00840B2CEC75F7007B86FA /* Build configuration list for PBXNativeTarget "SadakKaLadaakoo-Mac" */ = {
			isa = XCConfigurationList;
			buildConfigurations = (
				6F00840C2CEC75F7007B86FA /* Debug */,
				6F00840D2CEC75F7007B86FA /* Release */,
			);
			defaultConfigurationIsVisible = 0;
			defaultConfigurationName = Release;
		};
/* End XCConfigurationList section */
	};
	rootObject = 6F0083FC2CEC75F7007B86FA /* Project object */;
}
